
Microsoft Visual Studio Solution File, Format Version 12.00
# Visual Studio Version 17
VisualStudioVersion = 17.11.35312.102
MinimumVisualStudioVersion = 10.0.40219.1
Project("{FAE04EC0-301F-11D3-BF4B-00C04F79EFBC}") = "OOP project", "OOP project.csproj", "{2CADE12F-8EDB-4A43-8BEE-E34D3A3D0810}"
EndProject
Global
	GlobalSection(SolutionConfigurationPlatforms) = preSolution
		Debug|Any CPU = Debug|Any CPU
		ExportDebug|Any CPU = ExportDebug|Any CPU
		ExportRelease|Any CPU = ExportRelease|Any CPU
	EndGlobalSection
	GlobalSection(ProjectConfigurationPlatforms) = postSolution
		{2CADE12F-8EDB-4A43-8BEE-E34D3A3D0810}.Debug|Any CPU.ActiveCfg = Debug|Any CPU
		{2CADE12F-8EDB-4A43-8BEE-E34D3A3D0810}.Debug|Any CPU.Build.0 = Debug|Any CPU
		{2CADE12F-8EDB-4A43-8BEE-E34D3A3D0810}.ExportDebug|Any CPU.ActiveCfg = ExportDebug|Any CPU
		{2CADE12F-8EDB-4A43-8BEE-E34D3A3D0810}.ExportDebug|Any CPU.Build.0 = ExportDebug|Any CPU
		{2CADE12F-8EDB-4A43-8BEE-E34D3A3D0810}.ExportRelease|Any CPU.ActiveCfg = ExportRelease|Any CPU
		{2CADE12F-8EDB-4A43-8BEE-E34D3A3D0810}.ExportRelease|Any CPU.Build.0 = ExportRelease|Any CPU
	EndGlobalSection
	GlobalSection(SolutionProperties) = preSolution
		HideSolutionNode = FALSE
	EndGlobalSection
	GlobalSection(ExtensibilityGlobals) = postSolution
		SolutionGuid = {A66412A0-3310-418C-91C7-99497E899936}
	EndGlobalSection
EndGlobal
